
Microsoft Visual Studio Solution File, Format Version 12.00
# Visual Studio Version 16
VisualStudioVersion = 16.0.30104.148
MinimumVisualStudioVersion = 10.0.40219.1
Project("{FAE04EC0-301F-11D3-BF4B-00C04F79EFBC}") = "AutoService_project", "AutoService_project\AutoService_project.csproj", "{ED9AD3BD-1FF6-4464-8C1F-9572E3178E0B}"
EndProject
Global
	GlobalSection(SolutionConfigurationPlatforms) = preSolution
		Debug|Any CPU = Debug|Any CPU
		Release|Any CPU = Release|Any CPU
	EndGlobalSection
	GlobalSection(ProjectConfigurationPlatforms) = postSolution
		{ED9AD3BD-1FF6-4464-8C1F-9572E3178E0B}.Debug|Any CPU.ActiveCfg = Debug|Any CPU
		{ED9AD3BD-1FF6-4464-8C1F-9572E3178E0B}.Debug|Any CPU.Build.0 = Debug|Any CPU
		{ED9AD3BD-1FF6-4464-8C1F-9572E3178E0B}.Release|Any CPU.ActiveCfg = Release|Any CPU
		{ED9AD3BD-1FF6-4464-8C1F-9572E3178E0B}.Release|Any CPU.Build.0 = Release|Any CPU
	EndGlobalSection
	GlobalSection(SolutionProperties) = preSolution
		HideSolutionNode = FALSE
	EndGlobalSection
	GlobalSection(ExtensibilityGlobals) = postSolution
		SolutionGuid = {1A616C0F-FF3C-4881-8BDF-42CAF8605A92}
	EndGlobalSection
EndGlobal
